
Microsoft Visual Studio Solution File, Format Version 12.00
# Visual Studio Version 17
VisualStudioVersion = 17.4.33213.308
MinimumVisualStudioVersion = 10.0.40219.1
Project("{FAE04EC0-301F-11D3-BF4B-00C04F79EFBC}") = "Board", "Board.csproj", "{06A2285F-010B-48E0-8C36-71000BE3B297}"
EndProject
Global
	GlobalSection(SolutionConfigurationPlatforms) = preSolution
		Debug|Any CPU = Debug|Any CPU
		Release|Any CPU = Release|Any CPU
	EndGlobalSection
	GlobalSection(ProjectConfigurationPlatforms) = postSolution
		{06A2285F-010B-48E0-8C36-71000BE3B297}.Debug|Any CPU.ActiveCfg = Debug|Any CPU
		{06A2285F-010B-48E0-8C36-71000BE3B297}.Debug|Any CPU.Build.0 = Debug|Any CPU
		{06A2285F-010B-48E0-8C36-71000BE3B297}.Release|Any CPU.ActiveCfg = Release|Any CPU
		{06A2285F-010B-48E0-8C36-71000BE3B297}.Release|Any CPU.Build.0 = Release|Any CPU
	EndGlobalSection
	GlobalSection(SolutionProperties) = preSolution
		HideSolutionNode = FALSE
	EndGlobalSection
	GlobalSection(ExtensibilityGlobals) = postSolution
		SolutionGuid = {48F963CC-18A6-47F0-8D16-11E523FC91F9}
	EndGlobalSection
EndGlobal
